
Microsoft Visual Studio Solution File, Format Version 12.00
# Visual Studio Version 16
VisualStudioVersion = 16.0.30517.126
MinimumVisualStudioVersion = 10.0.40219.1
Project("{FAE04EC0-301F-11D3-BF4B-00C04F79EFBC}") = "web092316", "web092316.csproj", "{D2C620D6-8100-44F3-B063-8B4AE25F4CB1}"
EndProject
Global
	GlobalSection(SolutionConfigurationPlatforms) = preSolution
		Debug|Any CPU = Debug|Any CPU
		Release|Any CPU = Release|Any CPU
	EndGlobalSection
	GlobalSection(ProjectConfigurationPlatforms) = postSolution
		{D2C620D6-8100-44F3-B063-8B4AE25F4CB1}.Debug|Any CPU.ActiveCfg = Debug|Any CPU
		{D2C620D6-8100-44F3-B063-8B4AE25F4CB1}.Debug|Any CPU.Build.0 = Debug|Any CPU
		{D2C620D6-8100-44F3-B063-8B4AE25F4CB1}.Release|Any CPU.ActiveCfg = Release|Any CPU
		{D2C620D6-8100-44F3-B063-8B4AE25F4CB1}.Release|Any CPU.Build.0 = Release|Any CPU
	EndGlobalSection
	GlobalSection(SolutionProperties) = preSolution
		HideSolutionNode = FALSE
	EndGlobalSection
	GlobalSection(ExtensibilityGlobals) = postSolution
		SolutionGuid = {99965BBD-35BB-4E04-8D0B-B4EE00EE7B99}
	EndGlobalSection
EndGlobal
